
Microsoft Visual Studio Solution File, Format Version 12.00
# Visual Studio Version 16
VisualStudioVersion = 16.0.30804.86
MinimumVisualStudioVersion = 10.0.40219.1
Project("{888888A0-9F3D-457C-B088-3A5042F75D52}") = "Clock", "Clock\Clock.pyproj", "{C192FE7A-8895-447B-A7C1-76166112FC95}"
EndProject
Global
	GlobalSection(SolutionConfigurationPlatforms) = preSolution
		Debug|Any CPU = Debug|Any CPU
		Release|Any CPU = Release|Any CPU
	EndGlobalSection
	GlobalSection(ProjectConfigurationPlatforms) = postSolution
		{C192FE7A-8895-447B-A7C1-76166112FC95}.Debug|Any CPU.ActiveCfg = Debug|Any CPU
		{C192FE7A-8895-447B-A7C1-76166112FC95}.Release|Any CPU.ActiveCfg = Release|Any CPU
	EndGlobalSection
	GlobalSection(SolutionProperties) = preSolution
		HideSolutionNode = FALSE
	EndGlobalSection
	GlobalSection(ExtensibilityGlobals) = postSolution
		SolutionGuid = {EE755815-4216-4C98-8237-5A72B3546400}
	EndGlobalSection
EndGlobal
